{
  "object": {
    "pins": [
      {
        "package": "JsonModel",
        "repositoryURL": "https://github.com/BiAffectBridge/JsonModel-Swift.git",
        "state": {
          "branch": null,
          "revision": "81a782fd5f7484ffd338f13fa6ad9300e2507a8a",
          "version": "2.4.2"
        }
      },
      {
        "package": "swift-syntax",
        "repositoryURL": "https://github.com/apple/swift-syntax.git",
        "state": {
          "branch": null,
          "revision": "6ad4ea24b01559dde0773e3d091f1b9e36175036",
          "version": "509.0.2"
        }
      }
    ]
  },
  "version": 1
}
