{
  "object": {
    "pins": [
      {
        "package": "JsonModel",
        "repositoryURL": "https://github.com/BridgeDigitalHealth/JsonModel-Swift.git",
        "state": {
          "branch": null,
          "revision": "5d9acc0f5c1779cca3a31ca1913d684406e74f1f",
          "version": "2.3.1"
        }
      }
    ]
  },
  "version": 1
}
