{
  "object": {
    "pins": [
      {
        "package": "JsonModel",
        "repositoryURL": "https://github.com/Sage-Bionetworks/JsonModel-Swift.git",
        "state": {
          "branch": null,
          "revision": "4431edad387697d8db879212c4ca8dacbc436b5f",
          "version": "1.6.0"
        }
      }
    ]
  },
  "version": 1
}
